{
  "lockfileVersion": 1,
  "workspaces": {
    "": {
      "name": "chess",
      "dependencies": {
        "p5": "^1.4.1",
      },
      "devDependencies": {
        "@types/p5": "^1.4.2",
        "typescript": "^5.8.3",
      },
    },
  },
  "packages": {
    "@types/p5": ["@types/p5@1.7.6", "", {}, "sha512-6pLTOo0V3N5jZb5nTwjiv3lPHLK3Z/TjbhQUj8CTWXocUk1Z/f6OHTp3Pcwi1BhWnf5gqKUcyEb1gP0KIJuQgw=="],

    "p5": ["p5@1.11.5", "", {}, "sha512-tn/Em+mwRReFOH6HgAhr/kj2BSRtlEn4bga3MMCwo4OQE1POO9zEIg+7SDxJj8f+H37N6NJgxtEYaQGSNpxwyA=="],

    "typescript": ["typescript@5.8.3", "", { "bin": { "tsc": "bin/tsc", "tsserver": "bin/tsserver" } }, "sha512-p1diW6TqL9L07nNxvRMM7hMMw4c5XOo/1ibL4aAIGmSAt9slTE1Xgw5KWuof2uTOvCg9BY7ZRi+GaF+7sfgPeQ=="],
  }
}
