{
  "name": "chess",
  "version": "1.0.0",
  "lockfileVersion": 3,
  "requires": true,
  "packages": {
    "": {
      "name": "chess",
      "version": "1.0.0",
      "license": "ISC",
      "dependencies": {
        "p5": "^1.4.1"
      },
      "devDependencies": {
        "@types/p5": "^1.4.2",
        "typescript": "^5.8.3"
      }
    },
    "node_modules/@types/p5": {
      "version": "1.7.6",
      "resolved": "https://registry.npmjs.org/@types/p5/-/p5-1.7.6.tgz",
      "integrity": "sha512-6pLTOo0V3N5jZb5nTwjiv3lPHLK3Z/TjbhQUj8CTWXocUk1Z/f6OHTp3Pcwi1BhWnf5gqKUcyEb1gP0KIJuQgw==",
      "dev": true,
      "license": "MIT"
    },
    "node_modules/p5": {
      "version": "1.11.5",
      "resolved": "https://registry.npmjs.org/p5/-/p5-1.11.5.tgz",
      "integrity": "sha512-tn/Em+mwRReFOH6HgAhr/kj2BSRtlEn4bga3MMCwo4OQE1POO9zEIg+7SDxJj8f+H37N6NJgxtEYaQGSNpxwyA==",
      "license": "LGPL-2.1"
    },
    "node_modules/typescript": {
      "version": "5.8.3",
      "resolved": "https://registry.npmjs.org/typescript/-/typescript-5.8.3.tgz",
      "integrity": "sha512-p1diW6TqL9L07nNxvRMM7hMMw4c5XOo/1ibL4aAIGmSAt9slTE1Xgw5KWuof2uTOvCg9BY7ZRi+GaF+7sfgPeQ==",
      "dev": true,
      "license": "Apache-2.0",
      "bin": {
        "tsc": "bin/tsc",
        "tsserver": "bin/tsserver"
      },
      "engines": {
        "node": ">=14.17"
      }
    }
  }
}
